{
  "name": "@apex-roller/root",
  "version": "0.0.0",
  "lockfileVersion": 2,
  "requires": true,
  "packages": {
    "": {
      "name": "@apex-roller/root",
      "version": "0.0.0",
      "hasInstallScript": true,
      "workspaces": [
        "./@shared"
      ]
    },
    "@shared": {
      "name": "@apex-roller/shared",
      "version": "0.0.0",
      "dependencies": {
        "fp-ts": "^2.10.5",
        "io-ts": "^2.2.16",
        "typescript": "^4.3.2"
      }
    },
    "@shared/node_modules/fp-ts": {
      "version": "2.10.5",
      "license": "MIT"
    },
    "@shared/node_modules/io-ts": {
      "version": "2.2.16",
      "license": "MIT",
      "peerDependencies": {
        "fp-ts": "^2.5.0"
      }
    },
    "@shared/node_modules/typescript": {
      "version": "4.3.2",
      "license": "Apache-2.0",
      "bin": {
        "tsc": "bin/tsc",
        "tsserver": "bin/tsserver"
      },
      "engines": {
        "node": ">=4.2.0"
      }
    },
    "node_modules/@apex-roller/shared": {
      "resolved": "@shared",
      "link": true
    }
  },
  "dependencies": {
    "@apex-roller/shared": {
      "version": "file:@shared",
      "requires": {
        "fp-ts": "^2.10.5",
        "io-ts": "^2.2.16",
        "typescript": "^4.3.2"
      },
      "dependencies": {
        "fp-ts": {
          "version": "2.10.5"
        },
        "io-ts": {
          "version": "2.2.16",
          "requires": {}
        },
        "typescript": {
          "version": "4.3.2"
        }
      }
    }
  }
}
